
Microsoft Visual Studio Solution File, Format Version 12.00
# Visual Studio Version 17
VisualStudioVersion = 17.11.35222.181
MinimumVisualStudioVersion = 10.0.40219.1
Project("{8BC9CEB8-8B4A-11D0-8D11-00A0C91BC942}") = "massiv", "massiv\massiv.vcxproj", "{D7F9B51B-FCB0-4298-B90F-1B44D61B301F}"
EndProject
Global
	GlobalSection(SolutionConfigurationPlatforms) = preSolution
		Debug|x64 = Debug|x64
		Debug|x86 = Debug|x86
		Release|x64 = Release|x64
		Release|x86 = Release|x86
	EndGlobalSection
	GlobalSection(ProjectConfigurationPlatforms) = postSolution
		{D7F9B51B-FCB0-4298-B90F-1B44D61B301F}.Debug|x64.ActiveCfg = Debug|x64
		{D7F9B51B-FCB0-4298-B90F-1B44D61B301F}.Debug|x64.Build.0 = Debug|x64
		{D7F9B51B-FCB0-4298-B90F-1B44D61B301F}.Debug|x86.ActiveCfg = Debug|Win32
		{D7F9B51B-FCB0-4298-B90F-1B44D61B301F}.Debug|x86.Build.0 = Debug|Win32
		{D7F9B51B-FCB0-4298-B90F-1B44D61B301F}.Release|x64.ActiveCfg = Release|x64
		{D7F9B51B-FCB0-4298-B90F-1B44D61B301F}.Release|x64.Build.0 = Release|x64
		{D7F9B51B-FCB0-4298-B90F-1B44D61B301F}.Release|x86.ActiveCfg = Release|Win32
		{D7F9B51B-FCB0-4298-B90F-1B44D61B301F}.Release|x86.Build.0 = Release|Win32
	EndGlobalSection
	GlobalSection(SolutionProperties) = preSolution
		HideSolutionNode = FALSE
	EndGlobalSection
	GlobalSection(ExtensibilityGlobals) = postSolution
		SolutionGuid = {C246BFB3-CF82-4449-8833-7AC4EF24F9D5}
	EndGlobalSection
EndGlobal
